
Microsoft Visual Studio Solution File, Format Version 12.00
# Visual Studio Version 16
VisualStudioVersion = 16.0.31729.503
MinimumVisualStudioVersion = 10.0.40219.1
Project("{FAE04EC0-301F-11D3-BF4B-00C04F79EFBC}") = "Mentorproject", "Mentorproject\Mentorproject.csproj", "{11A06BDA-657E-4B92-835C-8EC207CFD605}"
EndProject
Global
	GlobalSection(SolutionConfigurationPlatforms) = preSolution
		Debug|Any CPU = Debug|Any CPU
		Release|Any CPU = Release|Any CPU
	EndGlobalSection
	GlobalSection(ProjectConfigurationPlatforms) = postSolution
		{11A06BDA-657E-4B92-835C-8EC207CFD605}.Debug|Any CPU.ActiveCfg = Debug|Any CPU
		{11A06BDA-657E-4B92-835C-8EC207CFD605}.Debug|Any CPU.Build.0 = Debug|Any CPU
		{11A06BDA-657E-4B92-835C-8EC207CFD605}.Release|Any CPU.ActiveCfg = Release|Any CPU
		{11A06BDA-657E-4B92-835C-8EC207CFD605}.Release|Any CPU.Build.0 = Release|Any CPU
	EndGlobalSection
	GlobalSection(SolutionProperties) = preSolution
		HideSolutionNode = FALSE
	EndGlobalSection
	GlobalSection(ExtensibilityGlobals) = postSolution
		SolutionGuid = {D3666A17-4FA7-48E8-8779-35F25F775219}
	EndGlobalSection
EndGlobal
